// !$*UTF8*$!
{
	archiveVersion = 1;
	classes = {
	};
	objectVersion = 46;
	objects = {

/* Begin PBXBuildFile section */
		4604A2D51BF5BD2900D87E4C /* Memory.cpp in Sources */ = {isa = PBXBuildFile; fileRef = 4604A2D31BF5BD2900D87E4C /* Memory.cpp */; };
		4604A2DE1BF5BE9900D87E4C /* BrainUnit.cpp in Sources */ = {isa = PBXBuildFile; fileRef = 4604A2DC1BF5BE9900D87E4C /* BrainUnit.cpp */; };
		46A9CE421BC7A86200AD5FBE /* main.cpp in Sources */ = {isa = PBXBuildFile; fileRef = 46A9CE411BC7A86200AD5FBE /* main.cpp */; };
		46E6850F1BE06DC7003B9633 /* Chromosome.cpp in Sources */ = {isa = PBXBuildFile; fileRef = 46E6850D1BE06DC7003B9633 /* Chromosome.cpp */; };
		46E685121BE06E4A003B9633 /* FitnessHeuristic.cpp in Sources */ = {isa = PBXBuildFile; fileRef = 46E685101BE06E4A003B9633 /* FitnessHeuristic.cpp */; };
		46E6851B1BE0E4AC003B9633 /* ChromosomePopulationProcesses.cpp in Sources */ = {isa = PBXBuildFile; fileRef = 46E685191BE0E4AC003B9633 /* ChromosomePopulationProcesses.cpp */; };
		46E6851E1BE0E4BF003B9633 /* ChromosomePopulation.cpp in Sources */ = {isa = PBXBuildFile; fileRef = 46E6851C1BE0E4BF003B9633 /* ChromosomePopulation.cpp */; };
		46E685211BE0E5B0003B9633 /* Interpreter.cpp in Sources */ = {isa = PBXBuildFile; fileRef = 46E6851F1BE0E5B0003B9633 /* Interpreter.cpp */; };
/* End PBXBuildFile section */

/* Begin PBXCopyFilesBuildPhase section */
		46A9CE3C1BC7A86200AD5FBE /* CopyFiles */ = {
			isa = PBXCopyFilesBuildPhase;
			buildActionMask = 2147483647;
			dstPath = /usr/share/man/man1/;
			dstSubfolderSpec = 0;
			files = (
			);
			runOnlyForDeploymentPostprocessing = 1;
		};
/* End PBXCopyFilesBuildPhase section */

/* Begin PBXFileReference section */
		4604A2D21BF5B79600D87E4C /* Constants.h */ = {isa = PBXFileReference; fileEncoding = 4; lastKnownFileType = sourcecode.c.h; path = Constants.h; sourceTree = "<group>"; };
		4604A2D31BF5BD2900D87E4C /* Memory.cpp */ = {isa = PBXFileReference; fileEncoding = 4; lastKnownFileType = sourcecode.cpp.cpp; path = Memory.cpp; sourceTree = "<group>"; };
		4604A2D41BF5BD2900D87E4C /* Memory.hpp */ = {isa = PBXFileReference; fileEncoding = 4; lastKnownFileType = sourcecode.cpp.h; path = Memory.hpp; sourceTree = "<group>"; };
		4604A2DC1BF5BE9900D87E4C /* BrainUnit.cpp */ = {isa = PBXFileReference; fileEncoding = 4; lastKnownFileType = sourcecode.cpp.cpp; path = BrainUnit.cpp; sourceTree = "<group>"; };
		4604A2DD1BF5BE9900D87E4C /* BrainUnit.hpp */ = {isa = PBXFileReference; fileEncoding = 4; lastKnownFileType = sourcecode.cpp.h; path = BrainUnit.hpp; sourceTree = "<group>"; };
		46A9CE3E1BC7A86200AD5FBE /* GeneticAlgorithmProgrammer */ = {isa = PBXFileReference; explicitFileType = "compiled.mach-o.executable"; includeInIndex = 0; path = GeneticAlgorithmProgrammer; sourceTree = BUILT_PRODUCTS_DIR; };
		46A9CE411BC7A86200AD5FBE /* main.cpp */ = {isa = PBXFileReference; lastKnownFileType = sourcecode.cpp.cpp; path = main.cpp; sourceTree = "<group>"; };
		46E6850D1BE06DC7003B9633 /* Chromosome.cpp */ = {isa = PBXFileReference; fileEncoding = 4; lastKnownFileType = sourcecode.cpp.cpp; path = Chromosome.cpp; sourceTree = "<group>"; };
		46E6850E1BE06DC7003B9633 /* Chromosome.hpp */ = {isa = PBXFileReference; fileEncoding = 4; lastKnownFileType = sourcecode.cpp.h; path = Chromosome.hpp; sourceTree = "<group>"; };
		46E685101BE06E4A003B9633 /* FitnessHeuristic.cpp */ = {isa = PBXFileReference; fileEncoding = 4; lastKnownFileType = sourcecode.cpp.cpp; path = FitnessHeuristic.cpp; sourceTree = "<group>"; };
		46E685111BE06E4A003B9633 /* FitnessHeuristic.hpp */ = {isa = PBXFileReference; fileEncoding = 4; lastKnownFileType = sourcecode.cpp.h; path = FitnessHeuristic.hpp; sourceTree = "<group>"; };
		46E685191BE0E4AC003B9633 /* ChromosomePopulationProcesses.cpp */ = {isa = PBXFileReference; fileEncoding = 4; lastKnownFileType = sourcecode.cpp.cpp; path = ChromosomePopulationProcesses.cpp; sourceTree = "<group>"; };
		46E6851A1BE0E4AC003B9633 /* ChromosomePopulationProcesses.hpp */ = {isa = PBXFileReference; fileEncoding = 4; lastKnownFileType = sourcecode.cpp.h; path = ChromosomePopulationProcesses.hpp; sourceTree = "<group>"; };
		46E6851C1BE0E4BF003B9633 /* ChromosomePopulation.cpp */ = {isa = PBXFileReference; fileEncoding = 4; lastKnownFileType = sourcecode.cpp.cpp; path = ChromosomePopulation.cpp; sourceTree = "<group>"; };
		46E6851D1BE0E4BF003B9633 /* ChromosomePopulation.hpp */ = {isa = PBXFileReference; fileEncoding = 4; lastKnownFileType = sourcecode.cpp.h; path = ChromosomePopulation.hpp; sourceTree = "<group>"; };
		46E6851F1BE0E5B0003B9633 /* Interpreter.cpp */ = {isa = PBXFileReference; fileEncoding = 4; lastKnownFileType = sourcecode.cpp.cpp; path = Interpreter.cpp; sourceTree = "<group>"; };
		46E685201BE0E5B0003B9633 /* Interpreter.hpp */ = {isa = PBXFileReference; fileEncoding = 4; lastKnownFileType = sourcecode.cpp.h; path = Interpreter.hpp; sourceTree = "<group>"; };
		46FF3D8A1BE222E50022FC5D /* StringToStringFitnessFunction.h */ = {isa = PBXFileReference; fileEncoding = 4; lastKnownFileType = sourcecode.c.h; path = StringToStringFitnessFunction.h; sourceTree = "<group>"; };
		46FF3D931BE232C10022FC5D /* StringToStringMSE.hpp */ = {isa = PBXFileReference; fileEncoding = 4; lastKnownFileType = sourcecode.cpp.h; path = StringToStringMSE.hpp; sourceTree = "<group>"; };
		46FF3D941BE232CA0022FC5D /* StringToStringMAE.hpp */ = {isa = PBXFileReference; fileEncoding = 4; lastKnownFileType = sourcecode.cpp.h; path = StringToStringMAE.hpp; sourceTree = "<group>"; };
		46FF3D951BE23F1A0022FC5D /* StringToStringRMSE.hpp */ = {isa = PBXFileReference; fileEncoding = 4; lastKnownFileType = sourcecode.cpp.h; path = StringToStringRMSE.hpp; sourceTree = "<group>"; };
		46FF3D971BE242930022FC5D /* StringToStringSE.hpp */ = {isa = PBXFileReference; fileEncoding = 4; lastKnownFileType = sourcecode.cpp.h; path = StringToStringSE.hpp; sourceTree = "<group>"; };
/* End PBXFileReference section */

/* Begin PBXFrameworksBuildPhase section */
		46A9CE3B1BC7A86200AD5FBE /* Frameworks */ = {
			isa = PBXFrameworksBuildPhase;
			buildActionMask = 2147483647;
			files = (
			);
			runOnlyForDeploymentPostprocessing = 0;
		};
/* End PBXFrameworksBuildPhase section */

/* Begin PBXGroup section */
		4604A2D11BF5B79600D87E4C /* Helpers */ = {
			isa = PBXGroup;
			children = (
				4604A2D21BF5B79600D87E4C /* Constants.h */,
			);
			path = Helpers;
			sourceTree = "<group>";
		};
		46A9CE351BC7A86200AD5FBE = {
			isa = PBXGroup;
			children = (
				46A9CE401BC7A86200AD5FBE /* GeneticAlgorithmProgrammer */,
				46A9CE3F1BC7A86200AD5FBE /* Products */,
			);
			sourceTree = "<group>";
		};
		46A9CE3F1BC7A86200AD5FBE /* Products */ = {
			isa = PBXGroup;
			children = (
				46A9CE3E1BC7A86200AD5FBE /* GeneticAlgorithmProgrammer */,
			);
			name = Products;
			sourceTree = "<group>";
		};
		46A9CE401BC7A86200AD5FBE /* GeneticAlgorithmProgrammer */ = {
			isa = PBXGroup;
			children = (
				46E685091BDF37FA003B9633 /* Brain */,
				46E6850A1BDF37FA003B9633 /* Evolution */,
				4604A2D11BF5B79600D87E4C /* Helpers */,
				46A9CE411BC7A86200AD5FBE /* main.cpp */,
			);
			path = GeneticAlgorithmProgrammer;
			sourceTree = "<group>";
		};
		46E685091BDF37FA003B9633 /* Brain */ = {
			isa = PBXGroup;
			children = (
				4604A2D41BF5BD2900D87E4C /* Memory.hpp */,
				4604A2D31BF5BD2900D87E4C /* Memory.cpp */,
				4604A2DD1BF5BE9900D87E4C /* BrainUnit.hpp */,
				4604A2DC1BF5BE9900D87E4C /* BrainUnit.cpp */,
			);
			path = Brain;
			sourceTree = "<group>";
		};
		46E6850A1BDF37FA003B9633 /* Evolution */ = {
			isa = PBXGroup;
			children = (
				46FF3D821BE21CFC0022FC5D /* Fitness Functions */,
				46E685111BE06E4A003B9633 /* FitnessHeuristic.hpp */,
				46E685101BE06E4A003B9633 /* FitnessHeuristic.cpp */,
				46E6851A1BE0E4AC003B9633 /* ChromosomePopulationProcesses.hpp */,
				46E685191BE0E4AC003B9633 /* ChromosomePopulationProcesses.cpp */,
				46E6850E1BE06DC7003B9633 /* Chromosome.hpp */,
				46E6850D1BE06DC7003B9633 /* Chromosome.cpp */,
				46E6851D1BE0E4BF003B9633 /* ChromosomePopulation.hpp */,
				46E6851C1BE0E4BF003B9633 /* ChromosomePopulation.cpp */,
				46E6850B1BDF37FA003B9633 /* Execution */,
			);
			path = Evolution;
			sourceTree = "<group>";
		};
		46E6850B1BDF37FA003B9633 /* Execution */ = {
			isa = PBXGroup;
			children = (
				46E685201BE0E5B0003B9633 /* Interpreter.hpp */,
				46E6851F1BE0E5B0003B9633 /* Interpreter.cpp */,
			);
			name = Execution;
			path = ../Execution;
			sourceTree = "<group>";
		};
		46FF3D821BE21CFC0022FC5D /* Fitness Functions */ = {
			isa = PBXGroup;
			children = (
				46FF3D8A1BE222E50022FC5D /* StringToStringFitnessFunction.h */,
				46FF3D971BE242930022FC5D /* StringToStringSE.hpp */,
				46FF3D931BE232C10022FC5D /* StringToStringMSE.hpp */,
				46FF3D941BE232CA0022FC5D /* StringToStringMAE.hpp */,
				46FF3D951BE23F1A0022FC5D /* StringToStringRMSE.hpp */,
			);
			path = "Fitness Functions";
			sourceTree = "<group>";
		};
/* End PBXGroup section */

/* Begin PBXNativeTarget section */
		46A9CE3D1BC7A86200AD5FBE /* GeneticAlgorithmProgrammer */ = {
			isa = PBXNativeTarget;
			buildConfigurationList = 46A9CE451BC7A86200AD5FBE /* Build configuration list for PBXNativeTarget "GeneticAlgorithmProgrammer" */;
			buildPhases = (
				46A9CE3A1BC7A86200AD5FBE /* Sources */,
				46A9CE3B1BC7A86200AD5FBE /* Frameworks */,
				46A9CE3C1BC7A86200AD5FBE /* CopyFiles */,
			);
			buildRules = (
			);
			dependencies = (
			);
			name = GeneticAlgorithmProgrammer;
			productName = GeneticAlgorithmProgrammer;
			productReference = 46A9CE3E1BC7A86200AD5FBE /* GeneticAlgorithmProgrammer */;
			productType = "com.apple.product-type.tool";
		};
/* End PBXNativeTarget section */

/* Begin PBXProject section */
		46A9CE361BC7A86200AD5FBE /* Project object */ = {
			isa = PBXProject;
			attributes = {
				LastUpgradeCheck = 0700;
				ORGANIZATIONNAME = "Rohan Kapur";
				TargetAttributes = {
					46A9CE3D1BC7A86200AD5FBE = {
						CreatedOnToolsVersion = 7.0;
					};
				};
			};
			buildConfigurationList = 46A9CE391BC7A86200AD5FBE /* Build configuration list for PBXProject "GeneticAlgorithmProgrammer" */;
			compatibilityVersion = "Xcode 3.2";
			developmentRegion = English;
			hasScannedForEncodings = 0;
			knownRegions = (
				en,
			);
			mainGroup = 46A9CE351BC7A86200AD5FBE;
			productRefGroup = 46A9CE3F1BC7A86200AD5FBE /* Products */;
			projectDirPath = "";
			projectRoot = "";
			targets = (
				46A9CE3D1BC7A86200AD5FBE /* GeneticAlgorithmProgrammer */,
			);
		};
/* End PBXProject section */

/* Begin PBXSourcesBuildPhase section */
		46A9CE3A1BC7A86200AD5FBE /* Sources */ = {
			isa = PBXSourcesBuildPhase;
			buildActionMask = 2147483647;
			files = (
				46E6851E1BE0E4BF003B9633 /* ChromosomePopulation.cpp in Sources */,
				46E685121BE06E4A003B9633 /* FitnessHeuristic.cpp in Sources */,
				4604A2D51BF5BD2900D87E4C /* Memory.cpp in Sources */,
				46E685211BE0E5B0003B9633 /* Interpreter.cpp in Sources */,
				46A9CE421BC7A86200AD5FBE /* main.cpp in Sources */,
				46E6851B1BE0E4AC003B9633 /* ChromosomePopulationProcesses.cpp in Sources */,
				46E6850F1BE06DC7003B9633 /* Chromosome.cpp in Sources */,
				4604A2DE1BF5BE9900D87E4C /* BrainUnit.cpp in Sources */,
			);
			runOnlyForDeploymentPostprocessing = 0;
		};
/* End PBXSourcesBuildPhase section */

/* Begin XCBuildConfiguration section */
		46A9CE431BC7A86200AD5FBE /* Debug */ = {
			isa = XCBuildConfiguration;
			buildSettings = {
				ALWAYS_SEARCH_USER_PATHS = NO;
				CLANG_CXX_LANGUAGE_STANDARD = "gnu++0x";
				CLANG_CXX_LIBRARY = "libc++";
				CLANG_ENABLE_MODULES = YES;
				CLANG_ENABLE_OBJC_ARC = YES;
				CLANG_WARN_BOOL_CONVERSION = YES;
				CLANG_WARN_CONSTANT_CONVERSION = YES;
				CLANG_WARN_DIRECT_OBJC_ISA_USAGE = YES_ERROR;
				CLANG_WARN_EMPTY_BODY = YES;
				CLANG_WARN_ENUM_CONVERSION = YES;
				CLANG_WARN_INT_CONVERSION = YES;
				CLANG_WARN_OBJC_ROOT_CLASS = YES_ERROR;
				CLANG_WARN_UNREACHABLE_CODE = YES;
				CLANG_WARN__DUPLICATE_METHOD_MATCH = YES;
				COPY_PHASE_STRIP = NO;
				DEBUG_INFORMATION_FORMAT = dwarf;
				ENABLE_STRICT_OBJC_MSGSEND = YES;
				ENABLE_TESTABILITY = YES;
				GCC_C_LANGUAGE_STANDARD = gnu99;
				GCC_DYNAMIC_NO_PIC = NO;
				GCC_NO_COMMON_BLOCKS = YES;
				GCC_OPTIMIZATION_LEVEL = 0;
				GCC_PREPROCESSOR_DEFINITIONS = (
					"DEBUG=1",
					"$(inherited)",
				);
				GCC_WARN_64_TO_32_BIT_CONVERSION = YES;
				GCC_WARN_ABOUT_RETURN_TYPE = YES_ERROR;
				GCC_WARN_UNDECLARED_SELECTOR = YES;
				GCC_WARN_UNINITIALIZED_AUTOS = YES_AGGRESSIVE;
				GCC_WARN_UNUSED_FUNCTION = YES;
				GCC_WARN_UNUSED_VARIABLE = YES;
				MACOSX_DEPLOYMENT_TARGET = 10.11;
				MTL_ENABLE_DEBUG_INFO = YES;
				ONLY_ACTIVE_ARCH = YES;
				SDKROOT = macosx;
			};
			name = Debug;
		};
		46A9CE441BC7A86200AD5FBE /* Release */ = {
			isa = XCBuildConfiguration;
			buildSettings = {
				ALWAYS_SEARCH_USER_PATHS = NO;
				CLANG_CXX_LANGUAGE_STANDARD = "gnu++0x";
				CLANG_CXX_LIBRARY = "libc++";
				CLANG_ENABLE_MODULES = YES;
				CLANG_ENABLE_OBJC_ARC = YES;
				CLANG_WARN_BOOL_CONVERSION = YES;
				CLANG_WARN_CONSTANT_CONVERSION = YES;
				CLANG_WARN_DIRECT_OBJC_ISA_USAGE = YES_ERROR;
				CLANG_WARN_EMPTY_BODY = YES;
				CLANG_WARN_ENUM_CONVERSION = YES;
				CLANG_WARN_INT_CONVERSION = YES;
				CLANG_WARN_OBJC_ROOT_CLASS = YES_ERROR;
				CLANG_WARN_UNREACHABLE_CODE = YES;
				CLANG_WARN__DUPLICATE_METHOD_MATCH = YES;
				COPY_PHASE_STRIP = NO;
				DEBUG_INFORMATION_FORMAT = "dwarf-with-dsym";
				ENABLE_NS_ASSERTIONS = NO;
				ENABLE_STRICT_OBJC_MSGSEND = YES;
				GCC_C_LANGUAGE_STANDARD = gnu99;
				GCC_NO_COMMON_BLOCKS = YES;
				GCC_WARN_64_TO_32_BIT_CONVERSION = YES;
				GCC_WARN_ABOUT_RETURN_TYPE = YES_ERROR;
				GCC_WARN_UNDECLARED_SELECTOR = YES;
				GCC_WARN_UNINITIALIZED_AUTOS = YES_AGGRESSIVE;
				GCC_WARN_UNUSED_FUNCTION = YES;
				GCC_WARN_UNUSED_VARIABLE = YES;
				MACOSX_DEPLOYMENT_TARGET = 10.11;
				MTL_ENABLE_DEBUG_INFO = NO;
				SDKROOT = macosx;
			};
			name = Release;
		};
		46A9CE461BC7A86200AD5FBE /* Debug */ = {
			isa = XCBuildConfiguration;
			buildSettings = {
				PRODUCT_NAME = "$(TARGET_NAME)";
			};
			name = Debug;
		};
		46A9CE471BC7A86200AD5FBE /* Release */ = {
			isa = XCBuildConfiguration;
			buildSettings = {
				PRODUCT_NAME = "$(TARGET_NAME)";
			};
			name = Release;
		};
/* End XCBuildConfiguration section */

/* Begin XCConfigurationList section */
		46A9CE391BC7A86200AD5FBE /* Build configuration list for PBXProject "GeneticAlgorithmProgrammer" */ = {
			isa = XCConfigurationList;
			buildConfigurations = (
				46A9CE431BC7A86200AD5FBE /* Debug */,
				46A9CE441BC7A86200AD5FBE /* Release */,
			);
			defaultConfigurationIsVisible = 0;
			defaultConfigurationName = Release;
		};
		46A9CE451BC7A86200AD5FBE /* Build configuration list for PBXNativeTarget "GeneticAlgorithmProgrammer" */ = {
			isa = XCConfigurationList;
			buildConfigurations = (
				46A9CE461BC7A86200AD5FBE /* Debug */,
				46A9CE471BC7A86200AD5FBE /* Release */,
			);
			defaultConfigurationIsVisible = 0;
			defaultConfigurationName = Release;
		};
/* End XCConfigurationList section */
	};
	rootObject = 46A9CE361BC7A86200AD5FBE /* Project object */;
}
